
Microsoft Visual Studio Solution File, Format Version 12.00
# Visual Studio Version 17
VisualStudioVersion = 17.9.34723.18
MinimumVisualStudioVersion = 10.0.40219.1
Project("{FAE04EC0-301F-11D3-BF4B-00C04F79EFBC}") = "SistemaGestionEnvios", "SistemaGestionEnvios.csproj", "{61F2690E-A851-4852-8B7E-42D8F2819CDD}"
EndProject
Global
	GlobalSection(SolutionConfigurationPlatforms) = preSolution
		Debug|Any CPU = Debug|Any CPU
		Release|Any CPU = Release|Any CPU
	EndGlobalSection
	GlobalSection(ProjectConfigurationPlatforms) = postSolution
		{61F2690E-A851-4852-8B7E-42D8F2819CDD}.Debug|Any CPU.ActiveCfg = Debug|Any CPU
		{61F2690E-A851-4852-8B7E-42D8F2819CDD}.Debug|Any CPU.Build.0 = Debug|Any CPU
		{61F2690E-A851-4852-8B7E-42D8F2819CDD}.Release|Any CPU.ActiveCfg = Release|Any CPU
		{61F2690E-A851-4852-8B7E-42D8F2819CDD}.Release|Any CPU.Build.0 = Release|Any CPU
	EndGlobalSection
	GlobalSection(SolutionProperties) = preSolution
		HideSolutionNode = FALSE
	EndGlobalSection
	GlobalSection(ExtensibilityGlobals) = postSolution
		SolutionGuid = {B359E15F-4464-48EC-8698-7988C744428B}
	EndGlobalSection
EndGlobal
